
Microsoft Visual Studio Solution File, Format Version 12.00
# Visual Studio 15
VisualStudioVersion = 15.0.27130.2027
MinimumVisualStudioVersion = 10.0.40219.1
Project("{FAE04EC0-301F-11D3-BF4B-00C04F79EFBC}") = "BankId.Merchant.Library.SampleWebsite", "BankId.Merchant.Library.SampleWebsite.csproj", "{FAF50C79-9F7A-4F46-8CE2-1017C17E7005}"
EndProject
Global
	GlobalSection(SolutionConfigurationPlatforms) = preSolution
		Debug|Any CPU = Debug|Any CPU
		Release|Any CPU = Release|Any CPU
	EndGlobalSection
	GlobalSection(ProjectConfigurationPlatforms) = postSolution
		{FAF50C79-9F7A-4F46-8CE2-1017C17E7005}.Debug|Any CPU.ActiveCfg = Debug|Any CPU
		{FAF50C79-9F7A-4F46-8CE2-1017C17E7005}.Debug|Any CPU.Build.0 = Debug|Any CPU
		{FAF50C79-9F7A-4F46-8CE2-1017C17E7005}.Release|Any CPU.ActiveCfg = Release|Any CPU
		{FAF50C79-9F7A-4F46-8CE2-1017C17E7005}.Release|Any CPU.Build.0 = Release|Any CPU
	EndGlobalSection
	GlobalSection(SolutionProperties) = preSolution
		HideSolutionNode = FALSE
	EndGlobalSection
	GlobalSection(ExtensibilityGlobals) = postSolution
		SolutionGuid = {117F6571-C3E1-448B-B851-2A635CF07383}
	EndGlobalSection
EndGlobal
