
Microsoft Visual Studio Solution File, Format Version 12.00
# Visual Studio Version 16
VisualStudioVersion = 16.0.30002.166
MinimumVisualStudioVersion = 10.0.40219.1
Project("{FAE04EC0-301F-11D3-BF4B-00C04F79EFBC}") = "BankId.Merchant.Library", "BankId.Merchant.Library\BankId.Merchant.Library.csproj", "{5D4E6E3F-1969-4CBC-9F20-3C9F80A5B74C}"
EndProject
Project("{FAE04EC0-301F-11D3-BF4B-00C04F79EFBC}") = "BankId.Merchant.Library.SampleWebsite", "BankId.Merchant.SampleWebsite\BankId.Merchant.Library.SampleWebsite.csproj", "{FAF50C79-9F7A-4F46-8CE2-1017C17E7005}"
EndProject
Project("{2150E333-8FDC-42A3-9474-1A3956D46DE8}") = "Solution Items", "Solution Items", "{1CD8265F-80FC-4112-B506-CDD6C03D038C}"
	ProjectSection(SolutionItems) = preProject
		CHANGELOG.txt = CHANGELOG.txt
		readme.md = readme.md
	EndProjectSection
EndProject
Project("{FAE04EC0-301F-11D3-BF4B-00C04F79EFBC}") = "BankId.Merchant.Library.Tests", "BankId.Merchant.Library.Tests\BankId.Merchant.Library.Tests.csproj", "{4578B94D-CF0A-4C05-AF53-B0086CE5375A}"
EndProject
Global
	GlobalSection(SolutionConfigurationPlatforms) = preSolution
		Debug|Any CPU = Debug|Any CPU
		Release|Any CPU = Release|Any CPU
	EndGlobalSection
	GlobalSection(ProjectConfigurationPlatforms) = postSolution
		{5D4E6E3F-1969-4CBC-9F20-3C9F80A5B74C}.Debug|Any CPU.ActiveCfg = Debug|Any CPU
		{5D4E6E3F-1969-4CBC-9F20-3C9F80A5B74C}.Debug|Any CPU.Build.0 = Debug|Any CPU
		{5D4E6E3F-1969-4CBC-9F20-3C9F80A5B74C}.Release|Any CPU.ActiveCfg = Release|Any CPU
		{5D4E6E3F-1969-4CBC-9F20-3C9F80A5B74C}.Release|Any CPU.Build.0 = Release|Any CPU
		{FAF50C79-9F7A-4F46-8CE2-1017C17E7005}.Debug|Any CPU.ActiveCfg = Debug|Any CPU
		{FAF50C79-9F7A-4F46-8CE2-1017C17E7005}.Debug|Any CPU.Build.0 = Debug|Any CPU
		{FAF50C79-9F7A-4F46-8CE2-1017C17E7005}.Release|Any CPU.ActiveCfg = Release|Any CPU
		{FAF50C79-9F7A-4F46-8CE2-1017C17E7005}.Release|Any CPU.Build.0 = Release|Any CPU
		{4578B94D-CF0A-4C05-AF53-B0086CE5375A}.Debug|Any CPU.ActiveCfg = Debug|Any CPU
		{4578B94D-CF0A-4C05-AF53-B0086CE5375A}.Debug|Any CPU.Build.0 = Debug|Any CPU
		{4578B94D-CF0A-4C05-AF53-B0086CE5375A}.Release|Any CPU.ActiveCfg = Release|Any CPU
		{4578B94D-CF0A-4C05-AF53-B0086CE5375A}.Release|Any CPU.Build.0 = Release|Any CPU
	EndGlobalSection
	GlobalSection(SolutionProperties) = preSolution
		HideSolutionNode = FALSE
	EndGlobalSection
	GlobalSection(ExtensibilityGlobals) = postSolution
		SolutionGuid = {994110BD-FAB9-40C5-B6BA-8A4EB3F0E434}
	EndGlobalSection
EndGlobal
